
Microsoft Visual Studio Solution File, Format Version 12.00
# Visual Studio Version 17
VisualStudioVersion = 17.7.34009.444
MinimumVisualStudioVersion = 10.0.40219.1
Project("{FAE04EC0-301F-11D3-BF4B-00C04F79EFBC}") = "discos-app", "discos-app\discos-app.csproj", "{8DBBBDC0-0D3A-45A9-B3C0-EDE5EAAF7708}"
EndProject
Project("{FAE04EC0-301F-11D3-BF4B-00C04F79EFBC}") = "dominio", "dominio\dominio.csproj", "{BF6423D8-0B7F-4412-99FE-986E3BCAA914}"
EndProject
Project("{FAE04EC0-301F-11D3-BF4B-00C04F79EFBC}") = "negocio", "negocio\negocio.csproj", "{B18F14BF-A1F7-40CD-8758-F3413908C576}"
EndProject
Global
	GlobalSection(SolutionConfigurationPlatforms) = preSolution
		Debug|Any CPU = Debug|Any CPU
		Release|Any CPU = Release|Any CPU
	EndGlobalSection
	GlobalSection(ProjectConfigurationPlatforms) = postSolution
		{8DBBBDC0-0D3A-45A9-B3C0-EDE5EAAF7708}.Debug|Any CPU.ActiveCfg = Debug|Any CPU
		{8DBBBDC0-0D3A-45A9-B3C0-EDE5EAAF7708}.Debug|Any CPU.Build.0 = Debug|Any CPU
		{8DBBBDC0-0D3A-45A9-B3C0-EDE5EAAF7708}.Release|Any CPU.ActiveCfg = Release|Any CPU
		{8DBBBDC0-0D3A-45A9-B3C0-EDE5EAAF7708}.Release|Any CPU.Build.0 = Release|Any CPU
		{BF6423D8-0B7F-4412-99FE-986E3BCAA914}.Debug|Any CPU.ActiveCfg = Debug|Any CPU
		{BF6423D8-0B7F-4412-99FE-986E3BCAA914}.Debug|Any CPU.Build.0 = Debug|Any CPU
		{BF6423D8-0B7F-4412-99FE-986E3BCAA914}.Release|Any CPU.ActiveCfg = Release|Any CPU
		{BF6423D8-0B7F-4412-99FE-986E3BCAA914}.Release|Any CPU.Build.0 = Release|Any CPU
		{B18F14BF-A1F7-40CD-8758-F3413908C576}.Debug|Any CPU.ActiveCfg = Debug|Any CPU
		{B18F14BF-A1F7-40CD-8758-F3413908C576}.Debug|Any CPU.Build.0 = Debug|Any CPU
		{B18F14BF-A1F7-40CD-8758-F3413908C576}.Release|Any CPU.ActiveCfg = Release|Any CPU
		{B18F14BF-A1F7-40CD-8758-F3413908C576}.Release|Any CPU.Build.0 = Release|Any CPU
	EndGlobalSection
	GlobalSection(SolutionProperties) = preSolution
		HideSolutionNode = FALSE
	EndGlobalSection
	GlobalSection(ExtensibilityGlobals) = postSolution
		SolutionGuid = {7FE75549-5170-4FC1-A560-D6837C48C386}
	EndGlobalSection
EndGlobal
